PODS:
  - UIViewPreviewWrapper (1.0.0)

DEPENDENCIES:
  - UIViewPreviewWrapper (from `../`)

EXTERNAL SOURCES:
  UIViewPreviewWrapper:
    :path: "../"

SPEC CHECKSUMS:
  UIViewPreviewWrapper: d3780322dd2de7630d913eda4fa3217150309c3e

PODFILE CHECKSUM: ac55b2cdf7c931d3bc811e511965dea80bc245fe

COCOAPODS: 1.15.2
